
Microsoft Visual Studio Solution File, Format Version 12.00
# Visual Studio Version 16
VisualStudioVersion = 16.0.29613.14
MinimumVisualStudioVersion = 10.0.40219.1
Project("{FAE04EC0-301F-11D3-BF4B-00C04F79EFBC}") = "prjFlangeCS", "prjFlangeCS.csproj", "{95657920-737D-4FD7-A661-F3CFBD48BE3D}"
EndProject
Global
	GlobalSection(SolutionConfigurationPlatforms) = preSolution
		Debug|Any CPU = Debug|Any CPU
		Debug|x86 = Debug|x86
		Release|Any CPU = Release|Any CPU
		Release|x86 = Release|x86
	EndGlobalSection
	GlobalSection(ProjectConfigurationPlatforms) = postSolution
		{95657920-737D-4FD7-A661-F3CFBD48BE3D}.Debug|Any CPU.ActiveCfg = Debug|Any CPU
		{95657920-737D-4FD7-A661-F3CFBD48BE3D}.Debug|Any CPU.Build.0 = Debug|Any CPU
		{95657920-737D-4FD7-A661-F3CFBD48BE3D}.Debug|x86.ActiveCfg = Debug|x86
		{95657920-737D-4FD7-A661-F3CFBD48BE3D}.Debug|x86.Build.0 = Debug|x86
		{95657920-737D-4FD7-A661-F3CFBD48BE3D}.Release|Any CPU.ActiveCfg = Release|Any CPU
		{95657920-737D-4FD7-A661-F3CFBD48BE3D}.Release|Any CPU.Build.0 = Release|Any CPU
		{95657920-737D-4FD7-A661-F3CFBD48BE3D}.Release|x86.ActiveCfg = Release|x86
		{95657920-737D-4FD7-A661-F3CFBD48BE3D}.Release|x86.Build.0 = Release|x86
	EndGlobalSection
	GlobalSection(SolutionProperties) = preSolution
		HideSolutionNode = FALSE
	EndGlobalSection
	GlobalSection(ExtensibilityGlobals) = postSolution
		SolutionGuid = {1022CC4F-5B69-4341-9CB3-08AD7CBDA9CF}
	EndGlobalSection
EndGlobal
